
Microsoft Visual Studio Solution File, Format Version 12.00
# Visual Studio Version 16
VisualStudioVersion = 16.0.31729.503
MinimumVisualStudioVersion = 10.0.40219.1
Project("{FAE04EC0-301F-11D3-BF4B-00C04F79EFBC}") = "AppPresupuestos", "AppPresupuestos\AppPresupuestos.csproj", "{86790CD0-BE27-4804-AB11-DCE7298EADA9}"
EndProject
Global
	GlobalSection(SolutionConfigurationPlatforms) = preSolution
		Debug|Any CPU = Debug|Any CPU
		Release|Any CPU = Release|Any CPU
	EndGlobalSection
	GlobalSection(ProjectConfigurationPlatforms) = postSolution
		{86790CD0-BE27-4804-AB11-DCE7298EADA9}.Debug|Any CPU.ActiveCfg = Debug|Any CPU
		{86790CD0-BE27-4804-AB11-DCE7298EADA9}.Debug|Any CPU.Build.0 = Debug|Any CPU
		{86790CD0-BE27-4804-AB11-DCE7298EADA9}.Release|Any CPU.ActiveCfg = Release|Any CPU
		{86790CD0-BE27-4804-AB11-DCE7298EADA9}.Release|Any CPU.Build.0 = Release|Any CPU
	EndGlobalSection
	GlobalSection(SolutionProperties) = preSolution
		HideSolutionNode = FALSE
	EndGlobalSection
	GlobalSection(ExtensibilityGlobals) = postSolution
		SolutionGuid = {7815FDD0-4199-497F-B5D8-99E905E1628E}
	EndGlobalSection
EndGlobal
